// !$*UTF8*$!
{
	archiveVersion = 1;
	classes = {
	};
	objectVersion = 50;
	objects = {

/* Begin PBXBuildFile section */
		228C800925A7EB0C00189E71 /* AppDelegate.m in Sources */ = {isa = PBXBuildFile; fileRef = 228C800825A7EB0C00189E71 /* AppDelegate.m */; };
		228C800F25A7EB0C00189E71 /* ViewController.m in Sources */ = {isa = PBXBuildFile; fileRef = 228C800E25A7EB0C00189E71 /* ViewController.m */; };
		228C801425A7EB0E00189E71 /* Assets.xcassets in Resources */ = {isa = PBXBuildFile; fileRef = 228C801325A7EB0E00189E71 /* Assets.xcassets */; };
		228C801725A7EB0E00189E71 /* LaunchScreen.storyboard in Resources */ = {isa = PBXBuildFile; fileRef = 228C801525A7EB0E00189E71 /* LaunchScreen.storyboard */; };
		228C801A25A7EB0E00189E71 /* main.m in Sources */ = {isa = PBXBuildFile; fileRef = 228C801925A7EB0E00189E71 /* main.m */; };
		228C802425A7EB0F00189E71 /* SSTestDemoTests.m in Sources */ = {isa = PBXBuildFile; fileRef = 228C802325A7EB0F00189E71 /* SSTestDemoTests.m */; };
		228C802F25A7EB0F00189E71 /* SSTestDemoUITests.m in Sources */ = {isa = PBXBuildFile; fileRef = 228C802E25A7EB0F00189E71 /* SSTestDemoUITests.m */; };
		228C804C25A8240000189E71 /* page.storyboard in Resources */ = {isa = PBXBuildFile; fileRef = 228C804B25A8240000189E71 /* page.storyboard */; };
		AE76DBE025A89C5D007CD578 /* person.m in Sources */ = {isa = PBXBuildFile; fileRef = AE76DBDF25A89C5D007CD578 /* person.m */; };
		AE76DBE625A89C6C007CD578 /* student.m in Sources */ = {isa = PBXBuildFile; fileRef = AE76DBE525A89C6C007CD578 /* student.m */; };
/* End PBXBuildFile section */

/* Begin PBXContainerItemProxy section */
		228C802025A7EB0F00189E71 /* PBXContainerItemProxy */ = {
			isa = PBXContainerItemProxy;
			containerPortal = 228C7FFC25A7EB0B00189E71 /* Project object */;
			proxyType = 1;
			remoteGlobalIDString = 228C800325A7EB0C00189E71;
			remoteInfo = SSTestDemo;
		};
		228C802B25A7EB0F00189E71 /* PBXContainerItemProxy */ = {
			isa = PBXContainerItemProxy;
			containerPortal = 228C7FFC25A7EB0B00189E71 /* Project object */;
			proxyType = 1;
			remoteGlobalIDString = 228C800325A7EB0C00189E71;
			remoteInfo = SSTestDemo;
		};
/* End PBXContainerItemProxy section */

/* Begin PBXFileReference section */
		228C800425A7EB0C00189E71 /* SSTestDemo.app */ = {isa = PBXFileReference; explicitFileType = wrapper.application; includeInIndex = 0; path = SSTestDemo.app; sourceTree = BUILT_PRODUCTS_DIR; };
		228C800725A7EB0C00189E71 /* AppDelegate.h */ = {isa = PBXFileReference; lastKnownFileType = sourcecode.c.h; path = AppDelegate.h; sourceTree = "<group>"; };
		228C800825A7EB0C00189E71 /* AppDelegate.m */ = {isa = PBXFileReference; lastKnownFileType = sourcecode.c.objc; path = AppDelegate.m; sourceTree = "<group>"; };
		228C800D25A7EB0C00189E71 /* ViewController.h */ = {isa = PBXFileReference; lastKnownFileType = sourcecode.c.h; path = ViewController.h; sourceTree = "<group>"; };
		228C800E25A7EB0C00189E71 /* ViewController.m */ = {isa = PBXFileReference; lastKnownFileType = sourcecode.c.objc; path = ViewController.m; sourceTree = "<group>"; };
		228C801325A7EB0E00189E71 /* Assets.xcassets */ = {isa = PBXFileReference; lastKnownFileType = folder.assetcatalog; path = Assets.xcassets; sourceTree = "<group>"; };
		228C801625A7EB0E00189E71 /* Base */ = {isa = PBXFileReference; lastKnownFileType = file.storyboard; name = Base; path = Base.lproj/LaunchScreen.storyboard; sourceTree = "<group>"; };
		228C801825A7EB0E00189E71 /* Info.plist */ = {isa = PBXFileReference; lastKnownFileType = text.plist.xml; name = Info.plist; path = ../SSTestDemo/Info.plist; sourceTree = "<group>"; };
		228C801925A7EB0E00189E71 /* main.m */ = {isa = PBXFileReference; lastKnownFileType = sourcecode.c.objc; path = main.m; sourceTree = "<group>"; };
		228C801F25A7EB0F00189E71 /* SSTestDemoTests.xctest */ = {isa = PBXFileReference; explicitFileType = wrapper.cfbundle; includeInIndex = 0; path = SSTestDemoTests.xctest; sourceTree = BUILT_PRODUCTS_DIR; };
		228C802325A7EB0F00189E71 /* SSTestDemoTests.m */ = {isa = PBXFileReference; lastKnownFileType = sourcecode.c.objc; path = SSTestDemoTests.m; sourceTree = "<group>"; };
		228C802525A7EB0F00189E71 /* Info.plist */ = {isa = PBXFileReference; lastKnownFileType = text.plist.xml; path = Info.plist; sourceTree = "<group>"; };
		228C802A25A7EB0F00189E71 /* SSTestDemoUITests.xctest */ = {isa = PBXFileReference; explicitFileType = wrapper.cfbundle; includeInIndex = 0; path = SSTestDemoUITests.xctest; sourceTree = BUILT_PRODUCTS_DIR; };
		228C802E25A7EB0F00189E71 /* SSTestDemoUITests.m */ = {isa = PBXFileReference; lastKnownFileType = sourcecode.c.objc; path = SSTestDemoUITests.m; sourceTree = "<group>"; };
		228C803025A7EB0F00189E71 /* Info.plist */ = {isa = PBXFileReference; lastKnownFileType = text.plist.xml; path = Info.plist; sourceTree = "<group>"; };
		228C804B25A8240000189E71 /* page.storyboard */ = {isa = PBXFileReference; lastKnownFileType = file.storyboard; path = page.storyboard; sourceTree = "<group>"; };
		AE76DBDE25A89C5D007CD578 /* person.h */ = {isa = PBXFileReference; lastKnownFileType = sourcecode.c.h; path = person.h; sourceTree = "<group>"; };
		AE76DBDF25A89C5D007CD578 /* person.m */ = {isa = PBXFileReference; lastKnownFileType = sourcecode.c.objc; path = person.m; sourceTree = "<group>"; };
		AE76DBE425A89C6C007CD578 /* student.h */ = {isa = PBXFileReference; lastKnownFileType = sourcecode.c.h; path = student.h; sourceTree = "<group>"; };
		AE76DBE525A89C6C007CD578 /* student.m */ = {isa = PBXFileReference; lastKnownFileType = sourcecode.c.objc; path = student.m; sourceTree = "<group>"; };
/* End PBXFileReference section */

/* Begin PBXFrameworksBuildPhase section */
		228C800125A7EB0C00189E71 /* Frameworks */ = {
			isa = PBXFrameworksBuildPhase;
			buildActionMask = 2147483647;
			files = (
			);
			runOnlyForDeploymentPostprocessing = 0;
		};
		228C801C25A7EB0F00189E71 /* Frameworks */ = {
			isa = PBXFrameworksBuildPhase;
			buildActionMask = 2147483647;
			files = (
			);
			runOnlyForDeploymentPostprocessing = 0;
		};
		228C802725A7EB0F00189E71 /* Frameworks */ = {
			isa = PBXFrameworksBuildPhase;
			buildActionMask = 2147483647;
			files = (
			);
			runOnlyForDeploymentPostprocessing = 0;
		};
/* End PBXFrameworksBuildPhase section */

/* Begin PBXGroup section */
		228C7FFB25A7EB0B00189E71 = {
			isa = PBXGroup;
			children = (
				228C800625A7EB0C00189E71 /* SSTestDemo */,
				228C802225A7EB0F00189E71 /* SSTestDemoTests */,
				228C802D25A7EB0F00189E71 /* SSTestDemoUITests */,
				228C800525A7EB0C00189E71 /* Products */,
			);
			sourceTree = "<group>";
		};
		228C800525A7EB0C00189E71 /* Products */ = {
			isa = PBXGroup;
			children = (
				228C800425A7EB0C00189E71 /* SSTestDemo.app */,
				228C801F25A7EB0F00189E71 /* SSTestDemoTests.xctest */,
				228C802A25A7EB0F00189E71 /* SSTestDemoUITests.xctest */,
			);
			name = Products;
			sourceTree = "<group>";
		};
		228C800625A7EB0C00189E71 /* SSTestDemo */ = {
			isa = PBXGroup;
			children = (
				AE76DBDD25A89C43007CD578 /* test001 */,
				228C804B25A8240000189E71 /* page.storyboard */,
				228C800725A7EB0C00189E71 /* AppDelegate.h */,
				228C800825A7EB0C00189E71 /* AppDelegate.m */,
				228C800D25A7EB0C00189E71 /* ViewController.h */,
				228C800E25A7EB0C00189E71 /* ViewController.m */,
				228C801325A7EB0E00189E71 /* Assets.xcassets */,
				228C801525A7EB0E00189E71 /* LaunchScreen.storyboard */,
				228C801925A7EB0E00189E71 /* main.m */,
			);
			path = SSTestDemo;
			sourceTree = "<group>";
		};
		228C802225A7EB0F00189E71 /* SSTestDemoTests */ = {
			isa = PBXGroup;
			children = (
				228C802325A7EB0F00189E71 /* SSTestDemoTests.m */,
				228C802525A7EB0F00189E71 /* Info.plist */,
			);
			path = SSTestDemoTests;
			sourceTree = "<group>";
		};
		228C802D25A7EB0F00189E71 /* SSTestDemoUITests */ = {
			isa = PBXGroup;
			children = (
				228C801825A7EB0E00189E71 /* Info.plist */,
				228C802E25A7EB0F00189E71 /* SSTestDemoUITests.m */,
				228C803025A7EB0F00189E71 /* Info.plist */,
			);
			path = SSTestDemoUITests;
			sourceTree = "<group>";
		};
		AE76DBDD25A89C43007CD578 /* test001 */ = {
			isa = PBXGroup;
			children = (
				AE76DBDE25A89C5D007CD578 /* person.h */,
				AE76DBDF25A89C5D007CD578 /* person.m */,
				AE76DBE425A89C6C007CD578 /* student.h */,
				AE76DBE525A89C6C007CD578 /* student.m */,
			);
			path = test001;
			sourceTree = "<group>";
		};
/* End PBXGroup section */

/* Begin PBXNativeTarget section */
		228C800325A7EB0C00189E71 /* SSTestDemo */ = {
			isa = PBXNativeTarget;
			buildConfigurationList = 228C803325A7EB0F00189E71 /* Build configuration list for PBXNativeTarget "SSTestDemo" */;
			buildPhases = (
				228C800025A7EB0C00189E71 /* Sources */,
				228C800125A7EB0C00189E71 /* Frameworks */,
				228C800225A7EB0C00189E71 /* Resources */,
			);
			buildRules = (
			);
			dependencies = (
			);
			name = SSTestDemo;
			productName = SSTestDemo;
			productReference = 228C800425A7EB0C00189E71 /* SSTestDemo.app */;
			productType = "com.apple.product-type.application";
		};
		228C801E25A7EB0F00189E71 /* SSTestDemoTests */ = {
			isa = PBXNativeTarget;
			buildConfigurationList = 228C803625A7EB0F00189E71 /* Build configuration list for PBXNativeTarget "SSTestDemoTests" */;
			buildPhases = (
				228C801B25A7EB0F00189E71 /* Sources */,
				228C801C25A7EB0F00189E71 /* Frameworks */,
				228C801D25A7EB0F00189E71 /* Resources */,
			);
			buildRules = (
			);
			dependencies = (
				228C802125A7EB0F00189E71 /* PBXTargetDependency */,
			);
			name = SSTestDemoTests;
			productName = SSTestDemoTests;
			productReference = 228C801F25A7EB0F00189E71 /* SSTestDemoTests.xctest */;
			productType = "com.apple.product-type.bundle.unit-test";
		};
		228C802925A7EB0F00189E71 /* SSTestDemoUITests */ = {
			isa = PBXNativeTarget;
			buildConfigurationList = 228C803925A7EB0F00189E71 /* Build configuration list for PBXNativeTarget "SSTestDemoUITests" */;
			buildPhases = (
				228C802625A7EB0F00189E71 /* Sources */,
				228C802725A7EB0F00189E71 /* Frameworks */,
				228C802825A7EB0F00189E71 /* Resources */,
			);
			buildRules = (
			);
			dependencies = (
				228C802C25A7EB0F00189E71 /* PBXTargetDependency */,
			);
			name = SSTestDemoUITests;
			productName = SSTestDemoUITests;
			productReference = 228C802A25A7EB0F00189E71 /* SSTestDemoUITests.xctest */;
			productType = "com.apple.product-type.bundle.ui-testing";
		};
/* End PBXNativeTarget section */

/* Begin PBXProject section */
		228C7FFC25A7EB0B00189E71 /* Project object */ = {
			isa = PBXProject;
			attributes = {
				LastUpgradeCheck = 1220;
				TargetAttributes = {
					228C800325A7EB0C00189E71 = {
						CreatedOnToolsVersion = 12.2;
					};
					228C801E25A7EB0F00189E71 = {
						CreatedOnToolsVersion = 12.2;
						TestTargetID = 228C800325A7EB0C00189E71;
					};
					228C802925A7EB0F00189E71 = {
						CreatedOnToolsVersion = 12.2;
						TestTargetID = 228C800325A7EB0C00189E71;
					};
				};
			};
			buildConfigurationList = 228C7FFF25A7EB0C00189E71 /* Build configuration list for PBXProject "SSTestDemo" */;
			compatibilityVersion = "Xcode 9.3";
			developmentRegion = en;
			hasScannedForEncodings = 0;
			knownRegions = (
				en,
				Base,
			);
			mainGroup = 228C7FFB25A7EB0B00189E71;
			productRefGroup = 228C800525A7EB0C00189E71 /* Products */;
			projectDirPath = "";
			projectRoot = "";
			targets = (
				228C800325A7EB0C00189E71 /* SSTestDemo */,
				228C801E25A7EB0F00189E71 /* SSTestDemoTests */,
				228C802925A7EB0F00189E71 /* SSTestDemoUITests */,
			);
		};
/* End PBXProject section */

/* Begin PBXResourcesBuildPhase section */
		228C800225A7EB0C00189E71 /* Resources */ = {
			isa = PBXResourcesBuildPhase;
			buildActionMask = 2147483647;
			files = (
				228C801725A7EB0E00189E71 /* LaunchScreen.storyboard in Resources */,
				228C801425A7EB0E00189E71 /* Assets.xcassets in Resources */,
				228C804C25A8240000189E71 /* page.storyboard in Resources */,
			);
			runOnlyForDeploymentPostprocessing = 0;
		};
		228C801D25A7EB0F00189E71 /* Resources */ = {
			isa = PBXResourcesBuildPhase;
			buildActionMask = 2147483647;
			files = (
			);
			runOnlyForDeploymentPostprocessing = 0;
		};
		228C802825A7EB0F00189E71 /* Resources */ = {
			isa = PBXResourcesBuildPhase;
			buildActionMask = 2147483647;
			files = (
			);
			runOnlyForDeploymentPostprocessing = 0;
		};
/* End PBXResourcesBuildPhase section */

/* Begin PBXSourcesBuildPhase section */
		228C800025A7EB0C00189E71 /* Sources */ = {
			isa = PBXSourcesBuildPhase;
			buildActionMask = 2147483647;
			files = (
				AE76DBE625A89C6C007CD578 /* student.m in Sources */,
				228C800F25A7EB0C00189E71 /* ViewController.m in Sources */,
				228C800925A7EB0C00189E71 /* AppDelegate.m in Sources */,
				AE76DBE025A89C5D007CD578 /* person.m in Sources */,
				228C801A25A7EB0E00189E71 /* main.m in Sources */,
			);
			runOnlyForDeploymentPostprocessing = 0;
		};
		228C801B25A7EB0F00189E71 /* Sources */ = {
			isa = PBXSourcesBuildPhase;
			buildActionMask = 2147483647;
			files = (
				228C802425A7EB0F00189E71 /* SSTestDemoTests.m in Sources */,
			);
			runOnlyForDeploymentPostprocessing = 0;
		};
		228C802625A7EB0F00189E71 /* Sources */ = {
			isa = PBXSourcesBuildPhase;
			buildActionMask = 2147483647;
			files = (
				228C802F25A7EB0F00189E71 /* SSTestDemoUITests.m in Sources */,
			);
			runOnlyForDeploymentPostprocessing = 0;
		};
/* End PBXSourcesBuildPhase section */

/* Begin PBXTargetDependency section */
		228C802125A7EB0F00189E71 /* PBXTargetDependency */ = {
			isa = PBXTargetDependency;
			target = 228C800325A7EB0C00189E71 /* SSTestDemo */;
			targetProxy = 228C802025A7EB0F00189E71 /* PBXContainerItemProxy */;
		};
		228C802C25A7EB0F00189E71 /* PBXTargetDependency */ = {
			isa = PBXTargetDependency;
			target = 228C800325A7EB0C00189E71 /* SSTestDemo */;
			targetProxy = 228C802B25A7EB0F00189E71 /* PBXContainerItemProxy */;
		};
/* End PBXTargetDependency section */

/* Begin PBXVariantGroup section */
		228C801525A7EB0E00189E71 /* LaunchScreen.storyboard */ = {
			isa = PBXVariantGroup;
			children = (
				228C801625A7EB0E00189E71 /* Base */,
			);
			name = LaunchScreen.storyboard;
			sourceTree = "<group>";
		};
/* End PBXVariantGroup section */

/* Begin XCBuildConfiguration section */
		228C803125A7EB0F00189E71 /* Debug */ = {
			isa = XCBuildConfiguration;
			buildSettings = {
				ALWAYS_SEARCH_USER_PATHS = NO;
				CLANG_ANALYZER_NONNULL = YES;
				CLANG_ANALYZER_NUMBER_OBJECT_CONVERSION = YES_AGGRESSIVE;
				CLANG_CXX_LANGUAGE_STANDARD = "gnu++14";
				CLANG_CXX_LIBRARY = "libc++";
				CLANG_ENABLE_MODULES = YES;
				CLANG_ENABLE_OBJC_ARC = YES;
				CLANG_ENABLE_OBJC_WEAK = YES;
				CLANG_WARN_BLOCK_CAPTURE_AUTORELEASING = YES;
				CLANG_WARN_BOOL_CONVERSION = YES;
				CLANG_WARN_COMMA = YES;
				CLANG_WARN_CONSTANT_CONVERSION = YES;
				CLANG_WARN_DEPRECATED_OBJC_IMPLEMENTATIONS = YES;
				CLANG_WARN_DIRECT_OBJC_ISA_USAGE = YES_ERROR;
				CLANG_WARN_DOCUMENTATION_COMMENTS = YES;
				CLANG_WARN_EMPTY_BODY = YES;
				CLANG_WARN_ENUM_CONVERSION = YES;
				CLANG_WARN_INFINITE_RECURSION = YES;
				CLANG_WARN_INT_CONVERSION = YES;
				CLANG_WARN_NON_LITERAL_NULL_CONVERSION = YES;
				CLANG_WARN_OBJC_IMPLICIT_RETAIN_SELF = YES;
				CLANG_WARN_OBJC_LITERAL_CONVERSION = YES;
				CLANG_WARN_OBJC_ROOT_CLASS = YES_ERROR;
				CLANG_WARN_QUOTED_INCLUDE_IN_FRAMEWORK_HEADER = YES;
				CLANG_WARN_RANGE_LOOP_ANALYSIS = YES;
				CLANG_WARN_STRICT_PROTOTYPES = YES;
				CLANG_WARN_SUSPICIOUS_MOVE = YES;
				CLANG_WARN_UNGUARDED_AVAILABILITY = YES_AGGRESSIVE;
				CLANG_WARN_UNREACHABLE_CODE = YES;
				CLANG_WARN__DUPLICATE_METHOD_MATCH = YES;
				COPY_PHASE_STRIP = NO;
				DEBUG_INFORMATION_FORMAT = dwarf;
				ENABLE_STRICT_OBJC_MSGSEND = YES;
				ENABLE_TESTABILITY = YES;
				GCC_C_LANGUAGE_STANDARD = gnu11;
				GCC_DYNAMIC_NO_PIC = NO;
				GCC_NO_COMMON_BLOCKS = YES;
				GCC_OPTIMIZATION_LEVEL = 0;
				GCC_PREPROCESSOR_DEFINITIONS = (
					"DEBUG=1",
					"$(inherited)",
				);
				GCC_WARN_64_TO_32_BIT_CONVERSION = YES;
				GCC_WARN_ABOUT_RETURN_TYPE = YES_ERROR;
				GCC_WARN_UNDECLARED_SELECTOR = YES;
				GCC_WARN_UNINITIALIZED_AUTOS = YES_AGGRESSIVE;
				GCC_WARN_UNUSED_FUNCTION = YES;
				GCC_WARN_UNUSED_VARIABLE = YES;
				IPHONEOS_DEPLOYMENT_TARGET = 14.2;
				MTL_ENABLE_DEBUG_INFO = INCLUDE_SOURCE;
				MTL_FAST_MATH = YES;
				ONLY_ACTIVE_ARCH = YES;
				SDKROOT = iphoneos;
			};
			name = Debug;
		};
		228C803225A7EB0F00189E71 /* Release */ = {
			isa = XCBuildConfiguration;
			buildSettings = {
				ALWAYS_SEARCH_USER_PATHS = NO;
				CLANG_ANALYZER_NONNULL = YES;
				CLANG_ANALYZER_NUMBER_OBJECT_CONVERSION = YES_AGGRESSIVE;
				CLANG_CXX_LANGUAGE_STANDARD = "gnu++14";
				CLANG_CXX_LIBRARY = "libc++";
				CLANG_ENABLE_MODULES = YES;
				CLANG_ENABLE_OBJC_ARC = YES;
				CLANG_ENABLE_OBJC_WEAK = YES;
				CLANG_WARN_BLOCK_CAPTURE_AUTORELEASING = YES;
				CLANG_WARN_BOOL_CONVERSION = YES;
				CLANG_WARN_COMMA = YES;
				CLANG_WARN_CONSTANT_CONVERSION = YES;
				CLANG_WARN_DEPRECATED_OBJC_IMPLEMENTATIONS = YES;
				CLANG_WARN_DIRECT_OBJC_ISA_USAGE = YES_ERROR;
				CLANG_WARN_DOCUMENTATION_COMMENTS = YES;
				CLANG_WARN_EMPTY_BODY = YES;
				CLANG_WARN_ENUM_CONVERSION = YES;
				CLANG_WARN_INFINITE_RECURSION = YES;
				CLANG_WARN_INT_CONVERSION = YES;
				CLANG_WARN_NON_LITERAL_NULL_CONVERSION = YES;
				CLANG_WARN_OBJC_IMPLICIT_RETAIN_SELF = YES;
				CLANG_WARN_OBJC_LITERAL_CONVERSION = YES;
				CLANG_WARN_OBJC_ROOT_CLASS = YES_ERROR;
				CLANG_WARN_QUOTED_INCLUDE_IN_FRAMEWORK_HEADER = YES;
				CLANG_WARN_RANGE_LOOP_ANALYSIS = YES;
				CLANG_WARN_STRICT_PROTOTYPES = YES;
				CLANG_WARN_SUSPICIOUS_MOVE = YES;
				CLANG_WARN_UNGUARDED_AVAILABILITY = YES_AGGRESSIVE;
				CLANG_WARN_UNREACHABLE_CODE = YES;
				CLANG_WARN__DUPLICATE_METHOD_MATCH = YES;
				COPY_PHASE_STRIP = NO;
				DEBUG_INFORMATION_FORMAT = "dwarf-with-dsym";
				ENABLE_NS_ASSERTIONS = NO;
				ENABLE_STRICT_OBJC_MSGSEND = YES;
				GCC_C_LANGUAGE_STANDARD = gnu11;
				GCC_NO_COMMON_BLOCKS = YES;
				GCC_WARN_64_TO_32_BIT_CONVERSION = YES;
				GCC_WARN_ABOUT_RETURN_TYPE = YES_ERROR;
				GCC_WARN_UNDECLARED_SELECTOR = YES;
				GCC_WARN_UNINITIALIZED_AUTOS = YES_AGGRESSIVE;
				GCC_WARN_UNUSED_FUNCTION = YES;
				GCC_WARN_UNUSED_VARIABLE = YES;
				IPHONEOS_DEPLOYMENT_TARGET = 14.2;
				MTL_ENABLE_DEBUG_INFO = NO;
				MTL_FAST_MATH = YES;
				SDKROOT = iphoneos;
				VALIDATE_PRODUCT = YES;
			};
			name = Release;
		};
		228C803425A7EB0F00189E71 /* Debug */ = {
			isa = XCBuildConfiguration;
			buildSettings = {
				ASSETCATALOG_COMPILER_APPICON_NAME = AppIcon;
				ASSETCATALOG_COMPILER_GLOBAL_ACCENT_COLOR_NAME = AccentColor;
				CODE_SIGN_STYLE = Automatic;
				DEVELOPMENT_TEAM = 645B7GRQ5K;
				INFOPLIST_FILE = SSTestDemo/Info.plist;
				LD_RUNPATH_SEARCH_PATHS = (
					"$(inherited)",
					"@executable_path/Frameworks",
				);
				PRODUCT_BUNDLE_IDENTIFIER = com.sstest.demo.SSTestDemo;
				PRODUCT_NAME = "$(TARGET_NAME)";
				TARGETED_DEVICE_FAMILY = "1,2";
			};
			name = Debug;
		};
		228C803525A7EB0F00189E71 /* Release */ = {
			isa = XCBuildConfiguration;
			buildSettings = {
				ASSETCATALOG_COMPILER_APPICON_NAME = AppIcon;
				ASSETCATALOG_COMPILER_GLOBAL_ACCENT_COLOR_NAME = AccentColor;
				CODE_SIGN_STYLE = Automatic;
				DEVELOPMENT_TEAM = 645B7GRQ5K;
				INFOPLIST_FILE = SSTestDemo/Info.plist;
				LD_RUNPATH_SEARCH_PATHS = (
					"$(inherited)",
					"@executable_path/Frameworks",
				);
				PRODUCT_BUNDLE_IDENTIFIER = com.sstest.demo.SSTestDemo;
				PRODUCT_NAME = "$(TARGET_NAME)";
				TARGETED_DEVICE_FAMILY = "1,2";
			};
			name = Release;
		};
		228C803725A7EB0F00189E71 /* Debug */ = {
			isa = XCBuildConfiguration;
			buildSettings = {
				BUNDLE_LOADER = "$(TEST_HOST)";
				CODE_SIGN_STYLE = Automatic;
				DEVELOPMENT_TEAM = 645B7GRQ5K;
				INFOPLIST_FILE = SSTestDemoTests/Info.plist;
				IPHONEOS_DEPLOYMENT_TARGET = 14.2;
				LD_RUNPATH_SEARCH_PATHS = (
					"$(inherited)",
					"@executable_path/Frameworks",
					"@loader_path/Frameworks",
				);
				PRODUCT_BUNDLE_IDENTIFIER = com.sstest.demo.SSTestDemoTests;
				PRODUCT_NAME = "$(TARGET_NAME)";
				TARGETED_DEVICE_FAMILY = "1,2";
				TEST_HOST = "$(BUILT_PRODUCTS_DIR)/SSTestDemo.app/SSTestDemo";
			};
			name = Debug;
		};
		228C803825A7EB0F00189E71 /* Release */ = {
			isa = XCBuildConfiguration;
			buildSettings = {
				BUNDLE_LOADER = "$(TEST_HOST)";
				CODE_SIGN_STYLE = Automatic;
				DEVELOPMENT_TEAM = 645B7GRQ5K;
				INFOPLIST_FILE = SSTestDemoTests/Info.plist;
				IPHONEOS_DEPLOYMENT_TARGET = 14.2;
				LD_RUNPATH_SEARCH_PATHS = (
					"$(inherited)",
					"@executable_path/Frameworks",
					"@loader_path/Frameworks",
				);
				PRODUCT_BUNDLE_IDENTIFIER = com.sstest.demo.SSTestDemoTests;
				PRODUCT_NAME = "$(TARGET_NAME)";
				TARGETED_DEVICE_FAMILY = "1,2";
				TEST_HOST = "$(BUILT_PRODUCTS_DIR)/SSTestDemo.app/SSTestDemo";
			};
			name = Release;
		};
		228C803A25A7EB0F00189E71 /* Debug */ = {
			isa = XCBuildConfiguration;
			buildSettings = {
				CODE_SIGN_STYLE = Automatic;
				DEVELOPMENT_TEAM = 645B7GRQ5K;
				INFOPLIST_FILE = SSTestDemoUITests/Info.plist;
				LD_RUNPATH_SEARCH_PATHS = (
					"$(inherited)",
					"@executable_path/Frameworks",
					"@loader_path/Frameworks",
				);
				PRODUCT_BUNDLE_IDENTIFIER = com.sstest.demo.SSTestDemoUITests;
				PRODUCT_NAME = "$(TARGET_NAME)";
				TARGETED_DEVICE_FAMILY = "1,2";
				TEST_TARGET_NAME = SSTestDemo;
			};
			name = Debug;
		};
		228C803B25A7EB0F00189E71 /* Release */ = {
			isa = XCBuildConfiguration;
			buildSettings = {
				CODE_SIGN_STYLE = Automatic;
				DEVELOPMENT_TEAM = 645B7GRQ5K;
				INFOPLIST_FILE = SSTestDemoUITests/Info.plist;
				LD_RUNPATH_SEARCH_PATHS = (
					"$(inherited)",
					"@executable_path/Frameworks",
					"@loader_path/Frameworks",
				);
				PRODUCT_BUNDLE_IDENTIFIER = com.sstest.demo.SSTestDemoUITests;
				PRODUCT_NAME = "$(TARGET_NAME)";
				TARGETED_DEVICE_FAMILY = "1,2";
				TEST_TARGET_NAME = SSTestDemo;
			};
			name = Release;
		};
/* End XCBuildConfiguration section */

/* Begin XCConfigurationList section */
		228C7FFF25A7EB0C00189E71 /* Build configuration list for PBXProject "SSTestDemo" */ = {
			isa = XCConfigurationList;
			buildConfigurations = (
				228C803125A7EB0F00189E71 /* Debug */,
				228C803225A7EB0F00189E71 /* Release */,
			);
			defaultConfigurationIsVisible = 0;
			defaultConfigurationName = Release;
		};
		228C803325A7EB0F00189E71 /* Build configuration list for PBXNativeTarget "SSTestDemo" */ = {
			isa = XCConfigurationList;
			buildConfigurations = (
				228C803425A7EB0F00189E71 /* Debug */,
				228C803525A7EB0F00189E71 /* Release */,
			);
			defaultConfigurationIsVisible = 0;
			defaultConfigurationName = Release;
		};
		228C803625A7EB0F00189E71 /* Build configuration list for PBXNativeTarget "SSTestDemoTests" */ = {
			isa = XCConfigurationList;
			buildConfigurations = (
				228C803725A7EB0F00189E71 /* Debug */,
				228C803825A7EB0F00189E71 /* Release */,
			);
			defaultConfigurationIsVisible = 0;
			defaultConfigurationName = Release;
		};
		228C803925A7EB0F00189E71 /* Build configuration list for PBXNativeTarget "SSTestDemoUITests" */ = {
			isa = XCConfigurationList;
			buildConfigurations = (
				228C803A25A7EB0F00189E71 /* Debug */,
				228C803B25A7EB0F00189E71 /* Release */,
			);
			defaultConfigurationIsVisible = 0;
			defaultConfigurationName = Release;
		};
/* End XCConfigurationList section */
	};
	rootObject = 228C7FFC25A7EB0B00189E71 /* Project object */;
}
